Microsoft Visual Studio Solution File, Format Version 12.00
# Visual Studio Version 17
VisualStudioVersion = 17.0.31903.59
MinimumVisualStudioVersion = 10.0.40219.1
Project("{FAE04EC0-301F-11D3-BF4B-00C04F79EFBC}") = "HelpDeskBiDemo.Web", "src\HelpDeskBiDemo.Web\HelpDeskBiDemo.Web.csproj", "{4C8FE742-2E36-4CB7-AE84-A4B1B4A2A001}"
EndProject
Project("{FAE04EC0-301F-11D3-BF4B-00C04F79EFBC}") = "HelpDeskBiDemo.Application", "src\HelpDeskBiDemo.Application\HelpDeskBiDemo.Application.csproj", "{4C8FE742-2E36-4CB7-AE84-A4B1B4A2A002}"
EndProject
Project("{FAE04EC0-301F-11D3-BF4B-00C04F79EFBC}") = "HelpDeskBiDemo.Domain", "src\HelpDeskBiDemo.Domain\HelpDeskBiDemo.Domain.csproj", "{4C8FE742-2E36-4CB7-AE84-A4B1B4A2A003}"
EndProject
Project("{FAE04EC0-301F-11D3-BF4B-00C04F79EFBC}") = "HelpDeskBiDemo.Infrastructure", "src\HelpDeskBiDemo.Infrastructure\HelpDeskBiDemo.Infrastructure.csproj", "{4C8FE742-2E36-4CB7-AE84-A4B1B4A2A004}"
EndProject
Project("{FAE04EC0-301F-11D3-BF4B-00C04F79EFBC}") = "HelpDeskBiDemo.Tests", "tests\HelpDeskBiDemo.Tests\HelpDeskBiDemo.Tests.csproj", "{4C8FE742-2E36-4CB7-AE84-A4B1B4A2A005}"
EndProject
Global
	GlobalSection(SolutionConfigurationPlatforms) = preSolution
		Debug|Any CPU = Debug|Any CPU
		Release|Any CPU = Release|Any CPU
	EndGlobalSection
	GlobalSection(ProjectConfigurationPlatforms) = postSolution
		{4C8FE742-2E36-4CB7-AE84-A4B1B4A2A001}.Debug|Any CPU.ActiveCfg = Debug|Any CPU
		{4C8FE742-2E36-4CB7-AE84-A4B1B4A2A001}.Debug|Any CPU.Build.0 = Debug|Any CPU
		{4C8FE742-2E36-4CB7-AE84-A4B1B4A2A001}.Release|Any CPU.ActiveCfg = Release|Any CPU
		{4C8FE742-2E36-4CB7-AE84-A4B1B4A2A001}.Release|Any CPU.Build.0 = Release|Any CPU
		{4C8FE742-2E36-4CB7-AE84-A4B1B4A2A002}.Debug|Any CPU.ActiveCfg = Debug|Any CPU
		{4C8FE742-2E36-4CB7-AE84-A4B1B4A2A002}.Debug|Any CPU.Build.0 = Debug|Any CPU
		{4C8FE742-2E36-4CB7-AE84-A4B1B4A2A002}.Release|Any CPU.ActiveCfg = Release|Any CPU
		{4C8FE742-2E36-4CB7-AE84-A4B1B4A2A002}.Release|Any CPU.Build.0 = Release|Any CPU
		{4C8FE742-2E36-4CB7-AE84-A4B1B4A2A003}.Debug|Any CPU.ActiveCfg = Debug|Any CPU
		{4C8FE742-2E36-4CB7-AE84-A4B1B4A2A003}.Debug|Any CPU.Build.0 = Debug|Any CPU
		{4C8FE742-2E36-4CB7-AE84-A4B1B4A2A003}.Release|Any CPU.ActiveCfg = Release|Any CPU
		{4C8FE742-2E36-4CB7-AE84-A4B1B4A2A003}.Release|Any CPU.Build.0 = Release|Any CPU
		{4C8FE742-2E36-4CB7-AE84-A4B1B4A2A004}.Debug|Any CPU.ActiveCfg = Debug|Any CPU
		{4C8FE742-2E36-4CB7-AE84-A4B1B4A2A004}.Debug|Any CPU.Build.0 = Debug|Any CPU
		{4C8FE742-2E36-4CB7-AE84-A4B1B4A2A004}.Release|Any CPU.ActiveCfg = Release|Any CPU
		{4C8FE742-2E36-4CB7-AE84-A4B1B4A2A004}.Release|Any CPU.Build.0 = Release|Any CPU
		{4C8FE742-2E36-4CB7-AE84-A4B1B4A2A005}.Debug|Any CPU.ActiveCfg = Debug|Any CPU
		{4C8FE742-2E36-4CB7-AE84-A4B1B4A2A005}.Debug|Any CPU.Build.0 = Debug|Any CPU
		{4C8FE742-2E36-4CB7-AE84-A4B1B4A2A005}.Release|Any CPU.ActiveCfg = Release|Any CPU
		{4C8FE742-2E36-4CB7-AE84-A4B1B4A2A005}.Release|Any CPU.Build.0 = Release|Any CPU
	EndGlobalSection
	GlobalSection(SolutionProperties) = preSolution
		HideSolutionNode = FALSE
	EndGlobalSection
EndGlobal
